#MicroXplorer Configuration settings - do not modify
CORTEX_M7.CPU_DCache=Enabled
CORTEX_M7.CPU_ICache=Enabled
CORTEX_M7.IPParameters=CPU_ICache,CPU_DCache,PREFETCH_ENABLE
CORTEX_M7.PREFETCH_ENABLE=1
CRC.IPParameters=InputDataFormat
CRC.InputDataFormat=CRC_INPUTDATA_FORMAT_HALFWORDS
DCMI.HSPolarity=DCMI_HSPOLARITY_LOW
DCMI.IPParameters=VSPolarity,PCKPolarity,HSPolarity
DCMI.PCKPolarity=DCMI_PCKPOLARITY_RISING
DCMI.VSPolarity=DCMI_VSPOLARITY_HIGH
Dma.DCMI.0.Direction=DMA_PERIPH_TO_MEMORY
Dma.DCMI.0.FIFOMode=DMA_FIFOMODE_ENABLE
Dma.DCMI.0.FIFOThreshold=DMA_FIFO_THRESHOLD_FULL
Dma.DCMI.0.Instance=DMA2_Stream1
Dma.DCMI.0.MemBurst=DMA_MBURST_SINGLE
Dma.DCMI.0.MemDataAlignment=DMA_MDATAALIGN_WORD
Dma.DCMI.0.MemInc=DMA_MINC_ENABLE
Dma.DCMI.0.Mode=DMA_CIRCULAR
Dma.DCMI.0.PeriphBurst=DMA_PBURST_SINGLE
Dma.DCMI.0.PeriphDataAlignment=DMA_PDATAALIGN_WORD
Dma.DCMI.0.PeriphInc=DMA_PINC_DISABLE
Dma.DCMI.0.Priority=DMA_PRIORITY_HIGH
Dma.DCMI.0.RequestParameters=Instance,Direction,PeriphInc,MemInc,PeriphDataAlignment,MemDataAlignment,Mode,Priority,FIFOMode,FIFOThreshold,MemBurst,PeriphBurst
Dma.Request0=DCMI
Dma.RequestsNb=1
FATFS.IPParameters=_CODE_PAGE,_USE_LFN,_LFN_UNICODE,_MAX_LFN
FATFS._CODE_PAGE=850
FATFS._LFN_UNICODE=0
FATFS._MAX_LFN=128
FATFS._USE_LFN=1
FMC.CASLatency1=FMC_SDRAM_CAS_LATENCY_2
FMC.ExitSelfRefreshDelay1=8
FMC.IPParameters=CASLatency1,SDClockPeriod1,LoadToActiveDelay1,ExitSelfRefreshDelay1,SelfRefreshTime1,RowCycleDelay1,WriteRecoveryTime1,RPDelay1,RCDDelay1,ReadBurst1
FMC.LoadToActiveDelay1=2
FMC.RCDDelay1=3
FMC.RPDelay1=2
FMC.ReadBurst1=FMC_SDRAM_RBURST_DISABLE
FMC.RowCycleDelay1=7
FMC.SDClockPeriod1=FMC_SDRAM_CLOCK_PERIOD_2
FMC.SelfRefreshTime1=5
FMC.WriteRecoveryTime1=2
File.Version=6
I2C1.IPParameters=Timing
I2C1.Timing=0x20404768
JPEG.IPParameters=JPEG_RGB_FORMAT
JPEG.JPEG_RGB_FORMAT=JPEG_RGB565
KeepUserPlacement=false
Mcu.Family=STM32F7
Mcu.IP0=CORTEX_M7
Mcu.IP1=CRC
Mcu.IP10=RCC
Mcu.IP11=SYS
Mcu.IP12=USART2
Mcu.IP13=USB_DEVICE
Mcu.IP14=USB_HOST
Mcu.IP15=USB_OTG_FS
Mcu.IP16=USB_OTG_HS
Mcu.IP2=DCMI
Mcu.IP3=DMA
Mcu.IP4=FATFS
Mcu.IP5=FMC
Mcu.IP6=GFXSIMULATOR
Mcu.IP7=I2C1
Mcu.IP8=JPEG
Mcu.IP9=NVIC
Mcu.IPNb=17
Mcu.Name=STM32F767ZITx
Mcu.Package=LQFP144
Mcu.Pin0=PE2
Mcu.Pin1=PE4
Mcu.Pin10=PH0/OSC_IN
Mcu.Pin11=PH1/OSC_OUT
Mcu.Pin12=PC0
Mcu.Pin13=PA2
Mcu.Pin14=PA3
Mcu.Pin15=PA4
Mcu.Pin16=PA6
Mcu.Pin17=PF11
Mcu.Pin18=PF12
Mcu.Pin19=PF13
Mcu.Pin2=PE5
Mcu.Pin20=PF14
Mcu.Pin21=PF15
Mcu.Pin22=PG0
Mcu.Pin23=PG1
Mcu.Pin24=PE7
Mcu.Pin25=PE8
Mcu.Pin26=PE9
Mcu.Pin27=PE10
Mcu.Pin28=PE11
Mcu.Pin29=PE12
Mcu.Pin3=PE6
Mcu.Pin30=PE13
Mcu.Pin31=PE14
Mcu.Pin32=PE15
Mcu.Pin33=PB14
Mcu.Pin34=PB15
Mcu.Pin35=PD8
Mcu.Pin36=PD9
Mcu.Pin37=PD10
Mcu.Pin38=PD14
Mcu.Pin39=PD15
Mcu.Pin4=PF0
Mcu.Pin40=PG4
Mcu.Pin41=PG5
Mcu.Pin42=PG8
Mcu.Pin43=PC6
Mcu.Pin44=PC7
Mcu.Pin45=PC9
Mcu.Pin46=PA8
Mcu.Pin47=PA11
Mcu.Pin48=PA12
Mcu.Pin49=PA13
Mcu.Pin5=PF1
Mcu.Pin50=PA14
Mcu.Pin51=PD0
Mcu.Pin52=PD1
Mcu.Pin53=PD3
Mcu.Pin54=PG9
Mcu.Pin55=PG10
Mcu.Pin56=PG11
Mcu.Pin57=PG12
Mcu.Pin58=PG13
Mcu.Pin59=PG15
Mcu.Pin6=PF2
Mcu.Pin60=PB5
Mcu.Pin61=PB6
Mcu.Pin62=PB7
Mcu.Pin63=PB8
Mcu.Pin64=PE0
Mcu.Pin65=PE1
Mcu.Pin66=VP_CRC_VS_CRC
Mcu.Pin67=VP_FATFS_VS_USB
Mcu.Pin68=VP_JPEG_VS_JPEG
Mcu.Pin69=VP_SYS_VS_Systick
Mcu.Pin7=PF3
Mcu.Pin70=VP_USB_DEVICE_VS_USB_DEVICE_CDC_HS
Mcu.Pin71=VP_USB_HOST_VS_USB_HOST_MSC_FS
Mcu.Pin8=PF4
Mcu.Pin9=PF5
Mcu.PinsNb=72
Mcu.ThirdPartyNb=0
Mcu.UserConstants=
Mcu.UserName=STM32F767ZITx
MxCube.Version=5.1.0
MxDb.Version=DB.5.0.10
NVIC.BusFault_IRQn=true\:0\:0\:false\:false\:true\:false\:false
NVIC.DCMI_IRQn=true\:1\:0\:true\:false\:true\:true\:true
NVIC.DMA2_Stream1_IRQn=true\:0\:0\:false\:false\:true\:false\:true
NVIC.DebugMonitor_IRQn=true\:0\:0\:false\:false\:true\:false\:false
NVIC.FMC_IRQn=true\:0\:0\:false\:false\:true\:true\:true
NVIC.HardFault_IRQn=true\:0\:0\:false\:false\:true\:false\:false
NVIC.JPEG_IRQn=true\:0\:0\:false\:false\:true\:false\:true
NVIC.MemoryManagement_IRQn=true\:0\:0\:false\:false\:true\:false\:false
NVIC.NonMaskableInt_IRQn=true\:0\:0\:false\:false\:true\:false\:false
NVIC.OTG_FS_IRQn=true\:0\:0\:false\:false\:true\:false\:true
NVIC.OTG_HS_IRQn=true\:0\:0\:false\:false\:true\:false\:true
NVIC.PendSV_IRQn=true\:0\:0\:false\:false\:true\:false\:false
NVIC.PriorityGroup=NVIC_PRIORITYGROUP_4
NVIC.RCC_IRQn=true\:0\:0\:false\:false\:true\:true\:false
NVIC.SVCall_IRQn=true\:0\:0\:false\:false\:true\:false\:false
NVIC.SysTick_IRQn=true\:0\:0\:false\:false\:true\:false\:true
NVIC.UsageFault_IRQn=true\:0\:0\:false\:false\:true\:false\:false
PA11.Mode=Host_Only
PA11.Signal=USB_OTG_FS_DM
PA12.Mode=Host_Only
PA12.Signal=USB_OTG_FS_DP
PA13.Mode=Serial_Wire
PA13.Signal=SYS_JTMS-SWDIO
PA14.Mode=Serial_Wire
PA14.Signal=SYS_JTCK-SWCLK
PA2.Mode=Asynchronous
PA2.Signal=USART2_TX
PA3.Mode=Asynchronous
PA3.Signal=USART2_RX
PA4.Mode=Slave_8_bits_External_Synchro
PA4.Signal=DCMI_HSYNC
PA6.Mode=Slave_8_bits_External_Synchro
PA6.Signal=DCMI_PIXCLK
PA8.GPIOParameters=GPIO_Label
PA8.GPIO_Label=DCMI_XCLK
PA8.Mode=Clock-out-1
PA8.Signal=RCC_MCO_1
PB14.Mode=Device_Only_FS
PB14.Signal=USB_OTG_HS_DM
PB15.GPIOParameters=GPIO_PuPd
PB15.GPIO_PuPd=GPIO_NOPULL
PB15.Mode=Device_Only_FS
PB15.Signal=USB_OTG_HS_DP
PB5.Mode=SdramChipSelect2_1
PB5.Signal=FMC_SDCKE1
PB6.Mode=SdramChipSelect2_1
PB6.Signal=FMC_SDNE1
PB7.GPIOParameters=GPIO_Label
PB7.GPIO_Label=DCMI_SDA
PB7.Mode=I2C
PB7.Signal=I2C1_SDA
PB8.GPIOParameters=GPIO_Label
PB8.GPIO_Label=DCMI_SCL
PB8.Mode=I2C
PB8.Signal=I2C1_SCL
PC0.Signal=FMC_SDNWE
PC6.Mode=Slave_8_bits_External_Synchro
PC6.Signal=DCMI_D0
PC7.Mode=Slave_8_bits_External_Synchro
PC7.Signal=DCMI_D1
PC9.GPIOParameters=GPIO_Label
PC9.GPIO_Label=USB_VBUS
PC9.Locked=true
PC9.Signal=GPIO_Output
PCC.Checker=false
PCC.Line=STM32F7x7
PCC.MCU=STM32F767ZITx
PCC.PartNumber=STM32F767ZITx
PCC.Seq0=0
PCC.Series=STM32F7
PCC.Temperature=25
PCC.Vdd=3.3
PD0.Signal=FMC_D2_DA2
PD1.Signal=FMC_D3_DA3
PD10.Signal=FMC_D15_DA15
PD14.Signal=FMC_D0_DA0
PD15.Signal=FMC_D1_DA1
PD3.Mode=Slave_8_bits_External_Synchro
PD3.Signal=DCMI_D5
PD8.Signal=FMC_D13_DA13
PD9.Signal=FMC_D14_DA14
PE0.Signal=FMC_NBL0
PE1.Signal=FMC_NBL1
PE10.Signal=FMC_D7_DA7
PE11.Signal=FMC_D8_DA8
PE12.Signal=FMC_D9_DA9
PE13.Signal=FMC_D10_DA10
PE14.Signal=FMC_D11_DA11
PE15.Signal=FMC_D12_DA12
PE2.GPIOParameters=GPIO_Label
PE2.GPIO_Label=LD1
PE2.Signal=GPIO_Output
PE4.Mode=Slave_8_bits_External_Synchro
PE4.Signal=DCMI_D4
PE5.Mode=Slave_8_bits_External_Synchro
PE5.Signal=DCMI_D6
PE6.Mode=Slave_8_bits_External_Synchro
PE6.Signal=DCMI_D7
PE7.Signal=FMC_D4_DA4
PE8.Signal=FMC_D5_DA5
PE9.Signal=FMC_D6_DA6
PF0.Signal=FMC_A0
PF1.Signal=FMC_A1
PF11.Signal=FMC_SDNRAS
PF12.Signal=FMC_A6
PF13.Signal=FMC_A7
PF14.Signal=FMC_A8
PF15.Signal=FMC_A9
PF2.Signal=FMC_A2
PF3.Signal=FMC_A3
PF4.Signal=FMC_A4
PF5.Signal=FMC_A5
PG0.Signal=FMC_A10
PG1.Signal=FMC_A11
PG10.Locked=true
PG10.Mode=Slave_8_bits_External_Synchro
PG10.Signal=DCMI_D2
PG11.Locked=true
PG11.Mode=Slave_8_bits_External_Synchro
PG11.Signal=DCMI_D3
PG12.GPIOParameters=GPIO_Label
PG12.GPIO_Label=DCMI_PWDN
PG12.Signal=GPIO_Output
PG13.GPIOParameters=GPIO_Label
PG13.GPIO_Label=DCMI_RESET
PG13.Signal=GPIO_Output
PG15.Signal=FMC_SDNCAS
PG4.Signal=FMC_A14_BA0
PG5.Signal=FMC_A15_BA1
PG8.Signal=FMC_SDCLK
PG9.Mode=Slave_8_bits_External_Synchro
PG9.Signal=DCMI_VSYNC
PH0/OSC_IN.Mode=HSE-External-Oscillator
PH0/OSC_IN.Signal=RCC_OSC_IN
PH1/OSC_OUT.Mode=HSE-External-Oscillator
PH1/OSC_OUT.Signal=RCC_OSC_OUT
PinOutPanel.RotationAngle=0
ProjectManager.AskForMigrate=true
ProjectManager.BackupPrevious=false
ProjectManager.CompilerOptimize=3
ProjectManager.ComputerToolchain=false
ProjectManager.CoupleFile=true
ProjectManager.CustomerFirmwarePackage=
ProjectManager.DefaultFWLocation=true
ProjectManager.DeletePrevious=true
ProjectManager.DeviceId=STM32F767ZITx
ProjectManager.FirmwarePackage=STM32Cube FW_F7 V1.15.0
ProjectManager.FreePins=false
ProjectManager.HalAssertFull=false
ProjectManager.HeapSize=0x10000
ProjectManager.KeepUserCode=true
ProjectManager.LastFirmware=true
ProjectManager.LibraryCopy=1
ProjectManager.MainLocation=Src
ProjectManager.NoMain=false
ProjectManager.PreviousToolchain=TrueSTUDIO
ProjectManager.ProjectBuild=false
ProjectManager.ProjectFileName=DemoAll.ioc
ProjectManager.ProjectName=DemoAll
ProjectManager.StackSize=0x12000
ProjectManager.TargetToolchain=TrueSTUDIO
ProjectManager.ToolChainLocation=
ProjectManager.UnderRoot=true
ProjectManager.functionlistsort=1-MX_GPIO_Init-GPIO-false-HAL-true,2-MX_DMA_Init-DMA-false-HAL-true,3-SystemClock_Config-RCC-false-HAL-true,4-MX_FMC_Init-FMC-false-HAL-true,5-MX_CORTEX_M7_Init-CORTEX_M7-false-HAL-true,6-MX_USB_HOST_Init-USB_HOST-false-HAL-true,7-MX_CRC_Init-CRC-false-HAL-true,8-MX_DCMI_Init-DCMI-false-HAL-true,9-MX_USB_DEVICE_Init-USB_DEVICE-false-HAL-true,10-MX_FATFS_Init-FATFS-false-HAL-true,11-MX_I2C1_Init-I2C1-false-HAL-true,12-MX_JPEG_Init-JPEG-false-HAL-true,13-MX_USART2_UART_Init-USART2-false-HAL-true,14-MX_GFXSIMULATOR_Init-GFXSIMULATOR-false-HAL-true
RCC.AHBFreq_Value=216000000
RCC.APB1CLKDivider=RCC_HCLK_DIV4
RCC.APB1Freq_Value=54000000
RCC.APB1TimFreq_Value=108000000
RCC.APB2CLKDivider=RCC_HCLK_DIV2
RCC.APB2Freq_Value=108000000
RCC.APB2TimFreq_Value=216000000
RCC.CECFreq_Value=32786.88524590164
RCC.CortexFreq_Value=216000000
RCC.DFSDMAudioFreq_Value=192000000
RCC.DFSDMFreq_Value=108000000
RCC.EthernetFreq_Value=216000000
RCC.FCLKCortexFreq_Value=216000000
RCC.FamilyName=M
RCC.HCLKFreq_Value=216000000
RCC.HSE_VALUE=8000000
RCC.HSI_VALUE=16000000
RCC.I2C1Freq_Value=54000000
RCC.I2C2Freq_Value=54000000
RCC.I2C3Freq_Value=54000000
RCC.I2C4Freq_Value=54000000
RCC.I2SFreq_Value=192000000
RCC.IPParameters=AHBFreq_Value,APB1CLKDivider,APB1Freq_Value,APB1TimFreq_Value,APB2CLKDivider,APB2Freq_Value,APB2TimFreq_Value,CECFreq_Value,CortexFreq_Value,DFSDMAudioFreq_Value,DFSDMFreq_Value,EthernetFreq_Value,FCLKCortexFreq_Value,FamilyName,HCLKFreq_Value,HSE_VALUE,HSI_VALUE,I2C1Freq_Value,I2C2Freq_Value,I2C3Freq_Value,I2C4Freq_Value,I2SFreq_Value,LCDTFTFreq_Value,LPTIM1Freq_Value,LSE_VALUE,LSI_VALUE,MCO1PinFreq_Value,MCO2PinFreq_Value,PLLCLKFreq_Value,PLLI2SPCLKFreq_Value,PLLI2SQCLKFreq_Value,PLLI2SRCLKFreq_Value,PLLI2SRoutputFreq_Value,PLLM,PLLN,PLLQ,PLLQCLKFreq_Value,PLLQoutputFreq_Value,PLLRFreq_Value,PLLSAIPCLKFreq_Value,PLLSAIQCLKFreq_Value,PLLSAIRCLKFreq_Value,PLLSAIoutputFreq_Value,RCC_MCO1Source,RNGFreq_Value,SAI1Freq_Value,SAI2Freq_Value,SDMMC2Freq_Value,SDMMCClockSelection,SDMMCFreq_Value,SPDIFRXFreq_Value,SYSCLKFreq_VALUE,SYSCLKSource,UART4Freq_Value,UART5Freq_Value,UART7Freq_Value,UART8Freq_Value,USART1Freq_Value,USART2Freq_Value,USART3Freq_Value,USART6Freq_Value,USBFreq_Value,VCOI2SOutputFreq_Value,VCOInputFreq_Value,VCOOutputFreq_Value,VCOSAIOutputFreq_Value
RCC.LCDTFTFreq_Value=96000000
RCC.LPTIM1Freq_Value=54000000
RCC.LSE_VALUE=32768
RCC.LSI_VALUE=32000
RCC.MCO1PinFreq_Value=8000000
RCC.MCO2PinFreq_Value=216000000
RCC.PLLCLKFreq_Value=216000000
RCC.PLLI2SPCLKFreq_Value=192000000
RCC.PLLI2SQCLKFreq_Value=192000000
RCC.PLLI2SRCLKFreq_Value=192000000
RCC.PLLI2SRoutputFreq_Value=192000000
RCC.PLLM=4
RCC.PLLN=216
RCC.PLLQ=9
RCC.PLLQCLKFreq_Value=48000000
RCC.PLLQoutputFreq_Value=48000000
RCC.PLLRFreq_Value=216000000
RCC.PLLSAIPCLKFreq_Value=192000000
RCC.PLLSAIQCLKFreq_Value=192000000
RCC.PLLSAIRCLKFreq_Value=192000000
RCC.PLLSAIoutputFreq_Value=192000000
RCC.RCC_MCO1Source=RCC_MCO1SOURCE_HSE
RCC.RNGFreq_Value=48000000
RCC.SAI1Freq_Value=192000000
RCC.SAI2Freq_Value=192000000
RCC.SDMMC2Freq_Value=216000000
RCC.SDMMCClockSelection=RCC_SDMMC1CLKSOURCE_CLK48
RCC.SDMMCFreq_Value=48000000
RCC.SPDIFRXFreq_Value=192000000
RCC.SYSCLKFreq_VALUE=216000000
RCC.SYSCLKSource=RCC_SYSCLKSOURCE_PLLCLK
RCC.UART4Freq_Value=54000000
RCC.UART5Freq_Value=54000000
RCC.UART7Freq_Value=54000000
RCC.UART8Freq_Value=54000000
RCC.USART1Freq_Value=108000000
RCC.USART2Freq_Value=54000000
RCC.USART3Freq_Value=54000000
RCC.USART6Freq_Value=108000000
RCC.USBFreq_Value=48000000
RCC.VCOI2SOutputFreq_Value=384000000
RCC.VCOInputFreq_Value=2000000
RCC.VCOOutputFreq_Value=432000000
RCC.VCOSAIOutputFreq_Value=384000000
SH.FMC_A0.0=FMC_A0,12b-sda1
SH.FMC_A0.ConfNb=1
SH.FMC_A1.0=FMC_A1,12b-sda1
SH.FMC_A1.ConfNb=1
SH.FMC_A10.0=FMC_A10,12b-sda1
SH.FMC_A10.ConfNb=1
SH.FMC_A11.0=FMC_A11,12b-sda1
SH.FMC_A11.ConfNb=1
SH.FMC_A14_BA0.0=FMC_BA0,FourSdramBanks1
SH.FMC_A14_BA0.ConfNb=1
SH.FMC_A15_BA1.0=FMC_BA1,FourSdramBanks1
SH.FMC_A15_BA1.ConfNb=1
SH.FMC_A2.0=FMC_A2,12b-sda1
SH.FMC_A2.ConfNb=1
SH.FMC_A3.0=FMC_A3,12b-sda1
SH.FMC_A3.ConfNb=1
SH.FMC_A4.0=FMC_A4,12b-sda1
SH.FMC_A4.ConfNb=1
SH.FMC_A5.0=FMC_A5,12b-sda1
SH.FMC_A5.ConfNb=1
SH.FMC_A6.0=FMC_A6,12b-sda1
SH.FMC_A6.ConfNb=1
SH.FMC_A7.0=FMC_A7,12b-sda1
SH.FMC_A7.ConfNb=1
SH.FMC_A8.0=FMC_A8,12b-sda1
SH.FMC_A8.ConfNb=1
SH.FMC_A9.0=FMC_A9,12b-sda1
SH.FMC_A9.ConfNb=1
SH.FMC_D0_DA0.0=FMC_D0,sd-16b-d1
SH.FMC_D0_DA0.ConfNb=1
SH.FMC_D10_DA10.0=FMC_D10,sd-16b-d1
SH.FMC_D10_DA10.ConfNb=1
SH.FMC_D11_DA11.0=FMC_D11,sd-16b-d1
SH.FMC_D11_DA11.ConfNb=1
SH.FMC_D12_DA12.0=FMC_D12,sd-16b-d1
SH.FMC_D12_DA12.ConfNb=1
SH.FMC_D13_DA13.0=FMC_D13,sd-16b-d1
SH.FMC_D13_DA13.ConfNb=1
SH.FMC_D14_DA14.0=FMC_D14,sd-16b-d1
SH.FMC_D14_DA14.ConfNb=1
SH.FMC_D15_DA15.0=FMC_D15,sd-16b-d1
SH.FMC_D15_DA15.ConfNb=1
SH.FMC_D1_DA1.0=FMC_D1,sd-16b-d1
SH.FMC_D1_DA1.ConfNb=1
SH.FMC_D2_DA2.0=FMC_D2,sd-16b-d1
SH.FMC_D2_DA2.ConfNb=1
SH.FMC_D3_DA3.0=FMC_D3,sd-16b-d1
SH.FMC_D3_DA3.ConfNb=1
SH.FMC_D4_DA4.0=FMC_D4,sd-16b-d1
SH.FMC_D4_DA4.ConfNb=1
SH.FMC_D5_DA5.0=FMC_D5,sd-16b-d1
SH.FMC_D5_DA5.ConfNb=1
SH.FMC_D6_DA6.0=FMC_D6,sd-16b-d1
SH.FMC_D6_DA6.ConfNb=1
SH.FMC_D7_DA7.0=FMC_D7,sd-16b-d1
SH.FMC_D7_DA7.ConfNb=1
SH.FMC_D8_DA8.0=FMC_D8,sd-16b-d1
SH.FMC_D8_DA8.ConfNb=1
SH.FMC_D9_DA9.0=FMC_D9,sd-16b-d1
SH.FMC_D9_DA9.ConfNb=1
SH.FMC_NBL0.0=FMC_NBL0,Sd2ByteEnable1
SH.FMC_NBL0.ConfNb=1
SH.FMC_NBL1.0=FMC_NBL1,Sd2ByteEnable1
SH.FMC_NBL1.ConfNb=1
SH.FMC_SDCLK.0=FMC_SDCLK,12b-sda1
SH.FMC_SDCLK.ConfNb=1
SH.FMC_SDNCAS.0=FMC_SDNCAS,12b-sda1
SH.FMC_SDNCAS.ConfNb=1
SH.FMC_SDNRAS.0=FMC_SDNRAS,12b-sda1
SH.FMC_SDNRAS.ConfNb=1
SH.FMC_SDNWE.0=FMC_SDNWE,12b-sda1
SH.FMC_SDNWE.ConfNb=1
USART2.IPParameters=VirtualMode-Asynchronous,WordLength
USART2.VirtualMode-Asynchronous=VM_ASYNC
USART2.WordLength=WORDLENGTH_8B
USB_DEVICE.APP_RX_DATA_SIZE-CDC_HS=128
USB_DEVICE.APP_TX_DATA_SIZE-CDC_HS=512
USB_DEVICE.CLASS_NAME_HS=CDC
USB_DEVICE.IPParameters=VirtualMode-CDC_HS,VirtualModeHS,CLASS_NAME_HS,APP_RX_DATA_SIZE-CDC_HS,APP_TX_DATA_SIZE-CDC_HS,USBD_MAX_NUM_INTERFACES-CDC_HS,USBD_MAX_NUM_CONFIGURATION-CDC_HS,USBD_SELF_POWERED-CDC_HS,VID-CDC_HS
USB_DEVICE.USBD_MAX_NUM_CONFIGURATION-CDC_HS=1
USB_DEVICE.USBD_MAX_NUM_INTERFACES-CDC_HS=1
USB_DEVICE.USBD_SELF_POWERED-CDC_HS=1
USB_DEVICE.VID-CDC_HS=11550
USB_DEVICE.VirtualMode-CDC_HS=Cdc
USB_DEVICE.VirtualModeHS=Cdc_HS
USB_HOST.BSP.number=1
USB_HOST.IPParameters=VirtualModeFS,USBH_HandleTypeDef-MSC_FS
USB_HOST.USBH_HandleTypeDef-MSC_FS=hUsbHostFS
USB_HOST.VirtualModeFS=Msc
USB_HOST0.BSP.STBoard=false
USB_HOST0.BSP.api=Unknown
USB_HOST0.BSP.component=
USB_HOST0.BSP.condition=
USB_HOST0.BSP.i2caddr=0
USB_HOST0.BSP.i2creg=
USB_HOST0.BSP.instance=PC9
USB_HOST0.BSP.ip=GPIO
USB_HOST0.BSP.mode=Output
USB_HOST0.BSP.name=Drive_VBUS_FS
USB_HOST0.BSP.semaphore=
USB_HOST0.BSP.solution=PC9
USB_OTG_FS.IPParameters=VirtualMode,phy_itface
USB_OTG_FS.VirtualMode=Host_Only
USB_OTG_FS.phy_itface=HCD_PHY_EMBEDDED
USB_OTG_HS.IPParameters=VirtualMode-Device_Only_FS,Sof_enable-Device_Only_FS,dma_enable-Device_Only_FS
USB_OTG_HS.Sof_enable-Device_Only_FS=DISABLE
USB_OTG_HS.VirtualMode-Device_Only_FS=Device_Only_FS
USB_OTG_HS.dma_enable-Device_Only_FS=ENABLE
VP_CRC_VS_CRC.Mode=CRC_Activate
VP_CRC_VS_CRC.Signal=CRC_VS_CRC
VP_FATFS_VS_USB.Mode=USB
VP_FATFS_VS_USB.Signal=FATFS_VS_USB
VP_JPEG_VS_JPEG.Mode=JPEG_Activate
VP_JPEG_VS_JPEG.Signal=JPEG_VS_JPEG
VP_SYS_VS_Systick.Mode=SysTick
VP_SYS_VS_Systick.Signal=SYS_VS_Systick
VP_USB_DEVICE_VS_USB_DEVICE_CDC_HS.Mode=CDC_HS
VP_USB_DEVICE_VS_USB_DEVICE_CDC_HS.Signal=USB_DEVICE_VS_USB_DEVICE_CDC_HS
VP_USB_HOST_VS_USB_HOST_MSC_FS.Mode=MSC_FS
VP_USB_HOST_VS_USB_HOST_MSC_FS.Signal=USB_HOST_VS_USB_HOST_MSC_FS
board=Demo1
